
Microsoft Visual Studio Solution File, Format Version 12.00
# Visual Studio Version 16
VisualStudioVersion = 16.0.32802.440
MinimumVisualStudioVersion = 10.0.40219.1
Project("{FAE04EC0-301F-11D3-BF4B-00C04F79EFBC}") = "SeriesAI", "SeriesAI\SeriesAI.csproj", "{436F3185-52B1-446D-87F1-4409360524DD}"
EndProject
Global
	GlobalSection(SolutionConfigurationPlatforms) = preSolution
		Debug|Any CPU = Debug|Any CPU
		Release|Any CPU = Release|Any CPU
	EndGlobalSection
	GlobalSection(ProjectConfigurationPlatforms) = postSolution
		{436F3185-52B1-446D-87F1-4409360524DD}.Debug|Any CPU.ActiveCfg = Debug|Any CPU
		{436F3185-52B1-446D-87F1-4409360524DD}.Debug|Any CPU.Build.0 = Debug|Any CPU
		{436F3185-52B1-446D-87F1-4409360524DD}.Release|Any CPU.ActiveCfg = Release|Any CPU
		{436F3185-52B1-446D-87F1-4409360524DD}.Release|Any CPU.Build.0 = Release|Any CPU
	EndGlobalSection
	GlobalSection(SolutionProperties) = preSolution
		HideSolutionNode = FALSE
	EndGlobalSection
	GlobalSection(ExtensibilityGlobals) = postSolution
		SolutionGuid = {CF89CF9D-1087-467B-A3C5-E893EA0B8297}
	EndGlobalSection
EndGlobal
